{
    "_readme": [
        "This file locks the dependencies of your project to a known state",
        "Read more about it at http://getcomposer.org/doc/01-basic-usage.md#composer-lock-the-lock-file"
    ],
    "hash": "aae0d20bda2b1fbdf8f905e289c7e630",
    "packages": [
        {
            "name": "guzzlehttp/guzzle",
            "version": "v2.8.8",
            "source": {
                "type": "git",
                "url": "https://github.com/guzzle/guzzle.git",
                "reference": "6738770a1d9e299cec6c2079220628ee8c739483"
            },
            "dist": {
                "type": "zip",
                "url": "https://api.github.com/repos/guzzle/guzzle/zipball/6738770a1d9e299cec6c2079220628ee8c739483",
                "reference": "6738770a1d9e299cec6c2079220628ee8c739483",
                "shasum": ""
            },
            "require": {
                "ext-curl": "*",
                "php": ">=5.3.2",
                "symfony/event-dispatcher": "2.1.*"
            },
            "replace": {
                "guzzle/common": "self.version",
                "guzzle/http": "self.version",
                "guzzle/parser": "self.version"
            },
            "require-dev": {
                "doctrine/common": "*",
                "monolog/monolog": "1.*",
                "symfony/class-loader": "*",
                "zend/zend-cache1": "1.12",
                "zend/zend-log1": "1.12",
                "zendframework/zend-cache": "2.0.0beta4",
                "zendframework/zend-eventmanager": "2.0.0beta4",
                "zendframework/zend-loader": "2.0.0beta4",
                "zendframework/zend-log": "2.0.0beta4",
                "zendframework/zend-servicemanager": "2.0.0beta4",
                "zendframework/zend-stdlib": "2.0.0beta4"
            },
            "type": "library",
            "autoload": {
                "psr-0": {
                    "Guzzle\\Tests": "tests/",
                    "Guzzle": "src/"
                }
            },
            "notification-url": "https://packagist.org/downloads/",
            "license": [
                "MIT"
            ],
            "authors": [
                {
                    "name": "Michael Dowling",
                    "email": "mtdowling@gmail.com",
                    "homepage": "https://github.com/mtdowling"
                },
                {
                    "name": "Guzzle Community",
                    "homepage": "https://github.com/guzzle/guzzle/contributors"
                }
            ],
            "description": "Guzzle is a PHP HTTP client library and framework for building RESTful web service clients",
            "homepage": "http://guzzlephp.org/",
            "keywords": [
                "client",
                "curl",
                "framework",
                "http",
                "http client",
                "rest",
                "web service"
            ],
            "time": "2012-10-16 00:42:47"
        },
        {
            "name": "mustangostang/spyc",
            "version": "0.5.1",
            "source": {
                "type": "git",
                "url": "https://github.com/mustangostang/spyc.git",
                "reference": "dc4785b4d7227fd9905e086d499fb8abfadf9977"
            },
            "dist": {
                "type": "zip",
                "url": "https://api.github.com/repos/mustangostang/spyc/zipball/dc4785b4d7227fd9905e086d499fb8abfadf9977",
                "reference": "dc4785b4d7227fd9905e086d499fb8abfadf9977",
                "shasum": ""
            },
            "require": {
                "php": ">=5.3.1"
            },
            "type": "library",
            "extra": {
                "branch-alias": {
                    "dev-master": "0.5.x-dev"
                }
            },
            "autoload": {
                "files": [
                    "Spyc.php"
                ]
            },
            "notification-url": "https://packagist.org/downloads/",
            "license": [
                "MIT License"
            ],
            "authors": [
                {
                    "name": "mustangostang",
                    "email": "vlad.andersen@gmail.com"
                }
            ],
            "description": "A simple YAML loader/dumper class for PHP",
            "homepage": "https://github.com/mustangostang/spyc/",
            "keywords": [
                "spyc",
                "yaml",
                "yml"
            ],
            "time": "2013-02-21 10:52:01"
        },
        {
            "name": "symfony/event-dispatcher",
            "version": "v2.1.13",
            "target-dir": "Symfony/Component/EventDispatcher",
            "source": {
                "type": "git",
                "url": "https://github.com/symfony/EventDispatcher.git",
                "reference": "e1d18ff0ff6f3e45ac82f000bc221135df635527"
            },
            "dist": {
                "type": "zip",
                "url": "https://api.github.com/repos/symfony/EventDispatcher/zipball/e1d18ff0ff6f3e45ac82f000bc221135df635527",
                "reference": "e1d18ff0ff6f3e45ac82f000bc221135df635527",
                "shasum": ""
            },
            "require": {
                "php": ">=5.3.3"
            },
            "require-dev": {
                "symfony/dependency-injection": "2.1.*"
            },
            "suggest": {
                "symfony/dependency-injection": "2.1.*",
                "symfony/http-kernel": "2.1.*"
            },
            "type": "library",
            "autoload": {
                "psr-0": {
                    "Symfony\\Component\\EventDispatcher": ""
                }
            },
            "notification-url": "https://packagist.org/downloads/",
            "license": [
                "MIT"
            ],
            "authors": [
                {
                    "name": "Fabien Potencier",
                    "email": "fabien@symfony.com",
                    "homepage": "http://fabien.potencier.org",
                    "role": "Lead Developer"
                },
                {
                    "name": "Symfony Community",
                    "homepage": "http://symfony.com/contributors"
                }
            ],
            "description": "Symfony EventDispatcher Component",
            "homepage": "http://symfony.com",
            "time": "2013-02-11 11:26:14"
        },
        {
            "name": "wixel/gump",
            "version": "dev-master",
            "source": {
                "type": "git",
                "url": "https://github.com/Wixel/GUMP.git",
                "reference": "b16d1e40c4ff0d67522601c5f0b39b10cbb5b35a"
            },
            "dist": {
                "type": "zip",
                "url": "https://api.github.com/repos/Wixel/GUMP/zipball/b16d1e40c4ff0d67522601c5f0b39b10cbb5b35a",
                "reference": "b16d1e40c4ff0d67522601c5f0b39b10cbb5b35a",
                "shasum": ""
            },
            "type": "library",
            "autoload": {
                "files": [
                    "gump.class.php"
                ]
            },
            "notification-url": "https://packagist.org/downloads/",
            "license": [
                "MIT"
            ],
            "authors": [
                {
                    "name": "Rob Crowe",
                    "email": "hello@vivalacrowe.com",
                    "homepage": "http://vivalacrowe.com"
                },
                {
                    "name": "Colleen Emryss",
                    "homepage": "http://skitter.tv"
                },
                {
                    "name": "Mark Slingsby",
                    "homepage": "http://www.rsaweb.co.za"
                },
                {
                    "name": "Roy de Kleijn",
                    "homepage": "http://roydekleijn.com"
                },
                {
                    "name": "Christian Klisch",
                    "homepage": "http://www.christian-klisch.de/"
                },
                {
                    "name": "Inge Brattaas",
                    "homepage": "http://res.no/"
                }
            ],
            "description": "A fast, extensible & stand-alone PHP input validation class that allows you to validate any data",
            "homepage": "http://wixelhq.com/",
            "time": "2014-03-24 08:18:12"
        }
    ],
    "packages-dev": [],
    "aliases": [],
    "minimum-stability": "stable",
    "stability-flags": {
        "wixel/gump": 20
    },
    "platform": [],
    "platform-dev": []
}
